
Microsoft Visual Studio Solution File, Format Version 12.00
# Visual Studio 2013
VisualStudioVersion = 12.0.31101.0
MinimumVisualStudioVersion = 10.0.40219.1
Project("{FAE04EC0-301F-11D3-BF4B-00C04F79EFBC}") = "MongoDaDa.Api", "MongoDaDa.Api\MongoDaDa.Api.csproj", "{6B87D30F-09CE-41CA-8EAF-47A3D4015FDE}"
EndProject
Project("{2150E333-8FDC-42A3-9474-1A3956D46DE8}") = ".nuget", ".nuget", "{E216189B-027D-46A0-9620-710DAA0887E2}"
	ProjectSection(SolutionItems) = preProject
		.nuget\packages.config = .nuget\packages.config
	EndProjectSection
EndProject
Project("{FAE04EC0-301F-11D3-BF4B-00C04F79EFBC}") = "MongoDaDa.Data", "MongoDaDa.Data\MongoDaDa.Data.csproj", "{7968F4B3-89E5-4609-AF60-23EE7B6500A3}"
EndProject
Project("{FAE04EC0-301F-11D3-BF4B-00C04F79EFBC}") = "MongoDaDa.Model", "MongoDaDa.Model\MongoDaDa.Model.csproj", "{F352C5E1-9B7D-4FE7-84DF-5DC051C7C249}"
EndProject
Project("{FAE04EC0-301F-11D3-BF4B-00C04F79EFBC}") = "MongoDB.Test", "MongoDB.Test\MongoDB.Test.csproj", "{345AA759-9FB5-45A2-A94C-2B43D2A08C4F}"
EndProject
Project("{2150E333-8FDC-42A3-9474-1A3956D46DE8}") = "Script stuff", "Script stuff", "{B6B352F0-F592-48B2-B64F-39EFAAB575A5}"
	ProjectSection(SolutionItems) = preProject
		mongo2.txt = mongo2.txt
		MongohellStuff.js = MongohellStuff.js
	EndProjectSection
EndProject
Global
	GlobalSection(SolutionConfigurationPlatforms) = preSolution
		Debug|Android = Debug|Android
		Debug|Any CPU = Debug|Any CPU
		Debug|iOS = Debug|iOS
		Debug|Mixed Platforms = Debug|Mixed Platforms
		Debug|Windows Phone (Universal) = Debug|Windows Phone (Universal)
		Debug|Windows Phone 8 = Debug|Windows Phone 8
		Debug|Windows-AnyCPU = Debug|Windows-AnyCPU
		Debug|Windows-ARM = Debug|Windows-ARM
		Debug|Windows-x64 = Debug|Windows-x64
		Debug|Windows-x86 = Debug|Windows-x86
		Distribution|Android = Distribution|Android
		Distribution|Any CPU = Distribution|Any CPU
		Distribution|iOS = Distribution|iOS
		Distribution|Mixed Platforms = Distribution|Mixed Platforms
		Distribution|Windows Phone (Universal) = Distribution|Windows Phone (Universal)
		Distribution|Windows Phone 8 = Distribution|Windows Phone 8
		Distribution|Windows-AnyCPU = Distribution|Windows-AnyCPU
		Distribution|Windows-ARM = Distribution|Windows-ARM
		Distribution|Windows-x64 = Distribution|Windows-x64
		Distribution|Windows-x86 = Distribution|Windows-x86
		Release|Android = Release|Android
		Release|Any CPU = Release|Any CPU
		Release|iOS = Release|iOS
		Release|Mixed Platforms = Release|Mixed Platforms
		Release|Windows Phone (Universal) = Release|Windows Phone (Universal)
		Release|Windows Phone 8 = Release|Windows Phone 8
		Release|Windows-AnyCPU = Release|Windows-AnyCPU
		Release|Windows-ARM = Release|Windows-ARM
		Release|Windows-x64 = Release|Windows-x64
		Release|Windows-x86 = Release|Windows-x86
	EndGlobalSection
	GlobalSection(ProjectConfigurationPlatforms) = postSolution
		{6B87D30F-09CE-41CA-8EAF-47A3D4015FDE}.Debug|Android.ActiveCfg = Debug|Any CPU
		{6B87D30F-09CE-41CA-8EAF-47A3D4015FDE}.Debug|Any CPU.ActiveCfg = Debug|Any CPU
		{6B87D30F-09CE-41CA-8EAF-47A3D4015FDE}.Debug|Any CPU.Build.0 = Debug|Any CPU
		{6B87D30F-09CE-41CA-8EAF-47A3D4015FDE}.Debug|iOS.ActiveCfg = Debug|Any CPU
		{6B87D30F-09CE-41CA-8EAF-47A3D4015FDE}.Debug|Mixed Platforms.ActiveCfg = Debug|Any CPU
		{6B87D30F-09CE-41CA-8EAF-47A3D4015FDE}.Debug|Mixed Platforms.Build.0 = Debug|Any CPU
		{6B87D30F-09CE-41CA-8EAF-47A3D4015FDE}.Debug|Windows Phone (Universal).ActiveCfg = Debug|Any CPU
		{6B87D30F-09CE-41CA-8EAF-47A3D4015FDE}.Debug|Windows Phone 8.ActiveCfg = Debug|Any CPU
		{6B87D30F-09CE-41CA-8EAF-47A3D4015FDE}.Debug|Windows-AnyCPU.ActiveCfg = Debug|Any CPU
		{6B87D30F-09CE-41CA-8EAF-47A3D4015FDE}.Debug|Windows-ARM.ActiveCfg = Debug|Any CPU
		{6B87D30F-09CE-41CA-8EAF-47A3D4015FDE}.Debug|Windows-x64.ActiveCfg = Debug|Any CPU
		{6B87D30F-09CE-41CA-8EAF-47A3D4015FDE}.Debug|Windows-x86.ActiveCfg = Debug|Any CPU
		{6B87D30F-09CE-41CA-8EAF-47A3D4015FDE}.Distribution|Android.ActiveCfg = Debug|Any CPU
		{6B87D30F-09CE-41CA-8EAF-47A3D4015FDE}.Distribution|Any CPU.ActiveCfg = Debug|Any CPU
		{6B87D30F-09CE-41CA-8EAF-47A3D4015FDE}.Distribution|Any CPU.Build.0 = Debug|Any CPU
		{6B87D30F-09CE-41CA-8EAF-47A3D4015FDE}.Distribution|iOS.ActiveCfg = Debug|Any CPU
		{6B87D30F-09CE-41CA-8EAF-47A3D4015FDE}.Distribution|Mixed Platforms.ActiveCfg = Debug|Any CPU
		{6B87D30F-09CE-41CA-8EAF-47A3D4015FDE}.Distribution|Mixed Platforms.Build.0 = Debug|Any CPU
		{6B87D30F-09CE-41CA-8EAF-47A3D4015FDE}.Distribution|Windows Phone (Universal).ActiveCfg = Debug|Any CPU
		{6B87D30F-09CE-41CA-8EAF-47A3D4015FDE}.Distribution|Windows Phone 8.ActiveCfg = Debug|Any CPU
		{6B87D30F-09CE-41CA-8EAF-47A3D4015FDE}.Distribution|Windows-AnyCPU.ActiveCfg = Debug|Any CPU
		{6B87D30F-09CE-41CA-8EAF-47A3D4015FDE}.Distribution|Windows-ARM.ActiveCfg = Debug|Any CPU
		{6B87D30F-09CE-41CA-8EAF-47A3D4015FDE}.Distribution|Windows-x64.ActiveCfg = Debug|Any CPU
		{6B87D30F-09CE-41CA-8EAF-47A3D4015FDE}.Distribution|Windows-x86.ActiveCfg = Debug|Any CPU
		{6B87D30F-09CE-41CA-8EAF-47A3D4015FDE}.Release|Android.ActiveCfg = Release|Any CPU
		{6B87D30F-09CE-41CA-8EAF-47A3D4015FDE}.Release|Any CPU.ActiveCfg = Release|Any CPU
		{6B87D30F-09CE-41CA-8EAF-47A3D4015FDE}.Release|Any CPU.Build.0 = Release|Any CPU
		{6B87D30F-09CE-41CA-8EAF-47A3D4015FDE}.Release|iOS.ActiveCfg = Release|Any CPU
		{6B87D30F-09CE-41CA-8EAF-47A3D4015FDE}.Release|Mixed Platforms.ActiveCfg = Release|Any CPU
		{6B87D30F-09CE-41CA-8EAF-47A3D4015FDE}.Release|Mixed Platforms.Build.0 = Release|Any CPU
		{6B87D30F-09CE-41CA-8EAF-47A3D4015FDE}.Release|Windows Phone (Universal).ActiveCfg = Release|Any CPU
		{6B87D30F-09CE-41CA-8EAF-47A3D4015FDE}.Release|Windows Phone 8.ActiveCfg = Release|Any CPU
		{6B87D30F-09CE-41CA-8EAF-47A3D4015FDE}.Release|Windows-AnyCPU.ActiveCfg = Release|Any CPU
		{6B87D30F-09CE-41CA-8EAF-47A3D4015FDE}.Release|Windows-ARM.ActiveCfg = Release|Any CPU
		{6B87D30F-09CE-41CA-8EAF-47A3D4015FDE}.Release|Windows-x64.ActiveCfg = Release|Any CPU
		{6B87D30F-09CE-41CA-8EAF-47A3D4015FDE}.Release|Windows-x86.ActiveCfg = Release|Any CPU
		{7968F4B3-89E5-4609-AF60-23EE7B6500A3}.Debug|Android.ActiveCfg = Debug|Any CPU
		{7968F4B3-89E5-4609-AF60-23EE7B6500A3}.Debug|Any CPU.ActiveCfg = Debug|Any CPU
		{7968F4B3-89E5-4609-AF60-23EE7B6500A3}.Debug|Any CPU.Build.0 = Debug|Any CPU
		{7968F4B3-89E5-4609-AF60-23EE7B6500A3}.Debug|iOS.ActiveCfg = Debug|Any CPU
		{7968F4B3-89E5-4609-AF60-23EE7B6500A3}.Debug|Mixed Platforms.ActiveCfg = Debug|Any CPU
		{7968F4B3-89E5-4609-AF60-23EE7B6500A3}.Debug|Mixed Platforms.Build.0 = Debug|Any CPU
		{7968F4B3-89E5-4609-AF60-23EE7B6500A3}.Debug|Windows Phone (Universal).ActiveCfg = Debug|Any CPU
		{7968F4B3-89E5-4609-AF60-23EE7B6500A3}.Debug|Windows Phone 8.ActiveCfg = Debug|Any CPU
		{7968F4B3-89E5-4609-AF60-23EE7B6500A3}.Debug|Windows-AnyCPU.ActiveCfg = Debug|Any CPU
		{7968F4B3-89E5-4609-AF60-23EE7B6500A3}.Debug|Windows-ARM.ActiveCfg = Debug|Any CPU
		{7968F4B3-89E5-4609-AF60-23EE7B6500A3}.Debug|Windows-x64.ActiveCfg = Debug|Any CPU
		{7968F4B3-89E5-4609-AF60-23EE7B6500A3}.Debug|Windows-x86.ActiveCfg = Debug|Any CPU
		{7968F4B3-89E5-4609-AF60-23EE7B6500A3}.Distribution|Android.ActiveCfg = Debug|Any CPU
		{7968F4B3-89E5-4609-AF60-23EE7B6500A3}.Distribution|Any CPU.ActiveCfg = Debug|Any CPU
		{7968F4B3-89E5-4609-AF60-23EE7B6500A3}.Distribution|Any CPU.Build.0 = Debug|Any CPU
		{7968F4B3-89E5-4609-AF60-23EE7B6500A3}.Distribution|iOS.ActiveCfg = Debug|Any CPU
		{7968F4B3-89E5-4609-AF60-23EE7B6500A3}.Distribution|Mixed Platforms.ActiveCfg = Debug|Any CPU
		{7968F4B3-89E5-4609-AF60-23EE7B6500A3}.Distribution|Mixed Platforms.Build.0 = Debug|Any CPU
		{7968F4B3-89E5-4609-AF60-23EE7B6500A3}.Distribution|Windows Phone (Universal).ActiveCfg = Debug|Any CPU
		{7968F4B3-89E5-4609-AF60-23EE7B6500A3}.Distribution|Windows Phone 8.ActiveCfg = Debug|Any CPU
		{7968F4B3-89E5-4609-AF60-23EE7B6500A3}.Distribution|Windows-AnyCPU.ActiveCfg = Debug|Any CPU
		{7968F4B3-89E5-4609-AF60-23EE7B6500A3}.Distribution|Windows-ARM.ActiveCfg = Debug|Any CPU
		{7968F4B3-89E5-4609-AF60-23EE7B6500A3}.Distribution|Windows-x64.ActiveCfg = Debug|Any CPU
		{7968F4B3-89E5-4609-AF60-23EE7B6500A3}.Distribution|Windows-x86.ActiveCfg = Debug|Any CPU
		{7968F4B3-89E5-4609-AF60-23EE7B6500A3}.Release|Android.ActiveCfg = Release|Any CPU
		{7968F4B3-89E5-4609-AF60-23EE7B6500A3}.Release|Any CPU.ActiveCfg = Release|Any CPU
		{7968F4B3-89E5-4609-AF60-23EE7B6500A3}.Release|Any CPU.Build.0 = Release|Any CPU
		{7968F4B3-89E5-4609-AF60-23EE7B6500A3}.Release|iOS.ActiveCfg = Release|Any CPU
		{7968F4B3-89E5-4609-AF60-23EE7B6500A3}.Release|Mixed Platforms.ActiveCfg = Release|Any CPU
		{7968F4B3-89E5-4609-AF60-23EE7B6500A3}.Release|Mixed Platforms.Build.0 = Release|Any CPU
		{7968F4B3-89E5-4609-AF60-23EE7B6500A3}.Release|Windows Phone (Universal).ActiveCfg = Release|Any CPU
		{7968F4B3-89E5-4609-AF60-23EE7B6500A3}.Release|Windows Phone 8.ActiveCfg = Release|Any CPU
		{7968F4B3-89E5-4609-AF60-23EE7B6500A3}.Release|Windows-AnyCPU.ActiveCfg = Release|Any CPU
		{7968F4B3-89E5-4609-AF60-23EE7B6500A3}.Release|Windows-ARM.ActiveCfg = Release|Any CPU
		{7968F4B3-89E5-4609-AF60-23EE7B6500A3}.Release|Windows-x64.ActiveCfg = Release|Any CPU
		{7968F4B3-89E5-4609-AF60-23EE7B6500A3}.Release|Windows-x86.ActiveCfg = Release|Any CPU
		{F352C5E1-9B7D-4FE7-84DF-5DC051C7C249}.Debug|Android.ActiveCfg = Debug|Any CPU
		{F352C5E1-9B7D-4FE7-84DF-5DC051C7C249}.Debug|Any CPU.ActiveCfg = Debug|Any CPU
		{F352C5E1-9B7D-4FE7-84DF-5DC051C7C249}.Debug|Any CPU.Build.0 = Debug|Any CPU
		{F352C5E1-9B7D-4FE7-84DF-5DC051C7C249}.Debug|iOS.ActiveCfg = Debug|Any CPU
		{F352C5E1-9B7D-4FE7-84DF-5DC051C7C249}.Debug|Mixed Platforms.ActiveCfg = Debug|Any CPU
		{F352C5E1-9B7D-4FE7-84DF-5DC051C7C249}.Debug|Mixed Platforms.Build.0 = Debug|Any CPU
		{F352C5E1-9B7D-4FE7-84DF-5DC051C7C249}.Debug|Windows Phone (Universal).ActiveCfg = Debug|Any CPU
		{F352C5E1-9B7D-4FE7-84DF-5DC051C7C249}.Debug|Windows Phone 8.ActiveCfg = Debug|Any CPU
		{F352C5E1-9B7D-4FE7-84DF-5DC051C7C249}.Debug|Windows-AnyCPU.ActiveCfg = Debug|Any CPU
		{F352C5E1-9B7D-4FE7-84DF-5DC051C7C249}.Debug|Windows-ARM.ActiveCfg = Debug|Any CPU
		{F352C5E1-9B7D-4FE7-84DF-5DC051C7C249}.Debug|Windows-x64.ActiveCfg = Debug|Any CPU
		{F352C5E1-9B7D-4FE7-84DF-5DC051C7C249}.Debug|Windows-x86.ActiveCfg = Debug|Any CPU
		{F352C5E1-9B7D-4FE7-84DF-5DC051C7C249}.Distribution|Android.ActiveCfg = Debug|Any CPU
		{F352C5E1-9B7D-4FE7-84DF-5DC051C7C249}.Distribution|Any CPU.ActiveCfg = Debug|Any CPU
		{F352C5E1-9B7D-4FE7-84DF-5DC051C7C249}.Distribution|Any CPU.Build.0 = Debug|Any CPU
		{F352C5E1-9B7D-4FE7-84DF-5DC051C7C249}.Distribution|iOS.ActiveCfg = Debug|Any CPU
		{F352C5E1-9B7D-4FE7-84DF-5DC051C7C249}.Distribution|Mixed Platforms.ActiveCfg = Debug|Any CPU
		{F352C5E1-9B7D-4FE7-84DF-5DC051C7C249}.Distribution|Mixed Platforms.Build.0 = Debug|Any CPU
		{F352C5E1-9B7D-4FE7-84DF-5DC051C7C249}.Distribution|Windows Phone (Universal).ActiveCfg = Debug|Any CPU
		{F352C5E1-9B7D-4FE7-84DF-5DC051C7C249}.Distribution|Windows Phone 8.ActiveCfg = Debug|Any CPU
		{F352C5E1-9B7D-4FE7-84DF-5DC051C7C249}.Distribution|Windows-AnyCPU.ActiveCfg = Debug|Any CPU
		{F352C5E1-9B7D-4FE7-84DF-5DC051C7C249}.Distribution|Windows-ARM.ActiveCfg = Debug|Any CPU
		{F352C5E1-9B7D-4FE7-84DF-5DC051C7C249}.Distribution|Windows-x64.ActiveCfg = Debug|Any CPU
		{F352C5E1-9B7D-4FE7-84DF-5DC051C7C249}.Distribution|Windows-x86.ActiveCfg = Debug|Any CPU
		{F352C5E1-9B7D-4FE7-84DF-5DC051C7C249}.Release|Android.ActiveCfg = Release|Any CPU
		{F352C5E1-9B7D-4FE7-84DF-5DC051C7C249}.Release|Any CPU.ActiveCfg = Release|Any CPU
		{F352C5E1-9B7D-4FE7-84DF-5DC051C7C249}.Release|Any CPU.Build.0 = Release|Any CPU
		{F352C5E1-9B7D-4FE7-84DF-5DC051C7C249}.Release|iOS.ActiveCfg = Release|Any CPU
		{F352C5E1-9B7D-4FE7-84DF-5DC051C7C249}.Release|Mixed Platforms.ActiveCfg = Release|Any CPU
		{F352C5E1-9B7D-4FE7-84DF-5DC051C7C249}.Release|Mixed Platforms.Build.0 = Release|Any CPU
		{F352C5E1-9B7D-4FE7-84DF-5DC051C7C249}.Release|Windows Phone (Universal).ActiveCfg = Release|Any CPU
		{F352C5E1-9B7D-4FE7-84DF-5DC051C7C249}.Release|Windows Phone 8.ActiveCfg = Release|Any CPU
		{F352C5E1-9B7D-4FE7-84DF-5DC051C7C249}.Release|Windows-AnyCPU.ActiveCfg = Release|Any CPU
		{F352C5E1-9B7D-4FE7-84DF-5DC051C7C249}.Release|Windows-ARM.ActiveCfg = Release|Any CPU
		{F352C5E1-9B7D-4FE7-84DF-5DC051C7C249}.Release|Windows-x64.ActiveCfg = Release|Any CPU
		{F352C5E1-9B7D-4FE7-84DF-5DC051C7C249}.Release|Windows-x86.ActiveCfg = Release|Any CPU
		{345AA759-9FB5-45A2-A94C-2B43D2A08C4F}.Debug|Android.ActiveCfg = Debug|Any CPU
		{345AA759-9FB5-45A2-A94C-2B43D2A08C4F}.Debug|Any CPU.ActiveCfg = Debug|Any CPU
		{345AA759-9FB5-45A2-A94C-2B43D2A08C4F}.Debug|Any CPU.Build.0 = Debug|Any CPU
		{345AA759-9FB5-45A2-A94C-2B43D2A08C4F}.Debug|iOS.ActiveCfg = Debug|Any CPU
		{345AA759-9FB5-45A2-A94C-2B43D2A08C4F}.Debug|Mixed Platforms.ActiveCfg = Debug|Any CPU
		{345AA759-9FB5-45A2-A94C-2B43D2A08C4F}.Debug|Mixed Platforms.Build.0 = Debug|Any CPU
		{345AA759-9FB5-45A2-A94C-2B43D2A08C4F}.Debug|Windows Phone (Universal).ActiveCfg = Debug|Any CPU
		{345AA759-9FB5-45A2-A94C-2B43D2A08C4F}.Debug|Windows Phone 8.ActiveCfg = Debug|Any CPU
		{345AA759-9FB5-45A2-A94C-2B43D2A08C4F}.Debug|Windows-AnyCPU.ActiveCfg = Debug|Any CPU
		{345AA759-9FB5-45A2-A94C-2B43D2A08C4F}.Debug|Windows-ARM.ActiveCfg = Debug|Any CPU
		{345AA759-9FB5-45A2-A94C-2B43D2A08C4F}.Debug|Windows-x64.ActiveCfg = Debug|Any CPU
		{345AA759-9FB5-45A2-A94C-2B43D2A08C4F}.Debug|Windows-x86.ActiveCfg = Debug|Any CPU
		{345AA759-9FB5-45A2-A94C-2B43D2A08C4F}.Distribution|Android.ActiveCfg = Debug|Any CPU
		{345AA759-9FB5-45A2-A94C-2B43D2A08C4F}.Distribution|Any CPU.ActiveCfg = Debug|Any CPU
		{345AA759-9FB5-45A2-A94C-2B43D2A08C4F}.Distribution|Any CPU.Build.0 = Debug|Any CPU
		{345AA759-9FB5-45A2-A94C-2B43D2A08C4F}.Distribution|iOS.ActiveCfg = Debug|Any CPU
		{345AA759-9FB5-45A2-A94C-2B43D2A08C4F}.Distribution|Mixed Platforms.ActiveCfg = Debug|Any CPU
		{345AA759-9FB5-45A2-A94C-2B43D2A08C4F}.Distribution|Mixed Platforms.Build.0 = Debug|Any CPU
		{345AA759-9FB5-45A2-A94C-2B43D2A08C4F}.Distribution|Windows Phone (Universal).ActiveCfg = Debug|Any CPU
		{345AA759-9FB5-45A2-A94C-2B43D2A08C4F}.Distribution|Windows Phone 8.ActiveCfg = Debug|Any CPU
		{345AA759-9FB5-45A2-A94C-2B43D2A08C4F}.Distribution|Windows-AnyCPU.ActiveCfg = Debug|Any CPU
		{345AA759-9FB5-45A2-A94C-2B43D2A08C4F}.Distribution|Windows-ARM.ActiveCfg = Debug|Any CPU
		{345AA759-9FB5-45A2-A94C-2B43D2A08C4F}.Distribution|Windows-x64.ActiveCfg = Debug|Any CPU
		{345AA759-9FB5-45A2-A94C-2B43D2A08C4F}.Distribution|Windows-x86.ActiveCfg = Debug|Any CPU
		{345AA759-9FB5-45A2-A94C-2B43D2A08C4F}.Release|Android.ActiveCfg = Release|Any CPU
		{345AA759-9FB5-45A2-A94C-2B43D2A08C4F}.Release|Any CPU.ActiveCfg = Release|Any CPU
		{345AA759-9FB5-45A2-A94C-2B43D2A08C4F}.Release|Any CPU.Build.0 = Release|Any CPU
		{345AA759-9FB5-45A2-A94C-2B43D2A08C4F}.Release|iOS.ActiveCfg = Release|Any CPU
		{345AA759-9FB5-45A2-A94C-2B43D2A08C4F}.Release|Mixed Platforms.ActiveCfg = Release|Any CPU
		{345AA759-9FB5-45A2-A94C-2B43D2A08C4F}.Release|Mixed Platforms.Build.0 = Release|Any CPU
		{345AA759-9FB5-45A2-A94C-2B43D2A08C4F}.Release|Windows Phone (Universal).ActiveCfg = Release|Any CPU
		{345AA759-9FB5-45A2-A94C-2B43D2A08C4F}.Release|Windows Phone 8.ActiveCfg = Release|Any CPU
		{345AA759-9FB5-45A2-A94C-2B43D2A08C4F}.Release|Windows-AnyCPU.ActiveCfg = Release|Any CPU
		{345AA759-9FB5-45A2-A94C-2B43D2A08C4F}.Release|Windows-ARM.ActiveCfg = Release|Any CPU
		{345AA759-9FB5-45A2-A94C-2B43D2A08C4F}.Release|Windows-x64.ActiveCfg = Release|Any CPU
		{345AA759-9FB5-45A2-A94C-2B43D2A08C4F}.Release|Windows-x86.ActiveCfg = Release|Any CPU
	EndGlobalSection
	GlobalSection(SolutionProperties) = preSolution
		HideSolutionNode = FALSE
	EndGlobalSection
EndGlobal
